
Microsoft Visual Studio Solution File, Format Version 12.00
Project("{2150E333-8FDC-42A3-9474-1A3956D46DE8}") = "baekjoon", "baekjoon", "{AC7E8913-047A-4084-823D-9A64C7FE00DD}"
EndProject
Project("{2150E333-8FDC-42A3-9474-1A3956D46DE8}") = "lecture", "lecture", "{67AA5425-3AE6-4792-8718-EE2B656ADD34}"
EndProject
Project("{2150E333-8FDC-42A3-9474-1A3956D46DE8}") = "basic-1", "basic-1", "{1B0745F4-B705-4638-9407-5C9CD93919B1}"
EndProject
Project("{2150E333-8FDC-42A3-9474-1A3956D46DE8}") = "start", "start", "{2EBB4093-C5FB-4BC0-920E-BC5065C09817}"
EndProject
Project("{FAE04EC0-301F-11D3-BF4B-00C04F79EFBC}") = "P1000", "P1000\P1000.csproj", "{ED230A74-36E7-4775-AEA8-6A4EA81A7CE3}"
EndProject
Project("{FAE04EC0-301F-11D3-BF4B-00C04F79EFBC}") = "P2557", "P2557\P2557.csproj", "{0CF7D982-382E-48ED-854A-B8F93F5DCC2E}"
EndProject
Project("{FAE04EC0-301F-11D3-BF4B-00C04F79EFBC}") = "P2558", "P2558\P2558.csproj", "{8C5E2C86-DD4D-43B8-A22E-A4AB8098573A}"
EndProject
Project("{FAE04EC0-301F-11D3-BF4B-00C04F79EFBC}") = "P10950", "P10950\P10950.csproj", "{169945AA-E3A3-4C73-891F-944A4FC62321}"
EndProject
Project("{FAE04EC0-301F-11D3-BF4B-00C04F79EFBC}") = "P10951", "P10951\P10951.csproj", "{55C1E6DB-AD4F-4F0C-8582-A3D786369B5A}"
EndProject
Project("{FAE04EC0-301F-11D3-BF4B-00C04F79EFBC}") = "P10952", "P10952\P10952.csproj", "{58B2FED0-DDF2-4F8E-A877-E011FF8017A7}"
EndProject
Project("{FAE04EC0-301F-11D3-BF4B-00C04F79EFBC}") = "P10953", "P10953\P10953.csproj", "{9315248E-341C-488E-9759-56F0BDD9CAF1}"
EndProject
Project("{FAE04EC0-301F-11D3-BF4B-00C04F79EFBC}") = "P11021", "P11021\P11021.csproj", "{E82AA99B-35D2-476D-BA53-D4D708E4D619}"
EndProject
Project("{FAE04EC0-301F-11D3-BF4B-00C04F79EFBC}") = "P11022", "P11022\P11022.csproj", "{EC7C6DA4-24A8-4089-AEBC-583636310723}"
EndProject
Project("{2150E333-8FDC-42A3-9474-1A3956D46DE8}") = "mathematics", "mathematics", "{48788002-091C-4162-A9B6-DAF630686DF6}"
EndProject
Project("{2150E333-8FDC-42A3-9474-1A3956D46DE8}") = "factorial", "factorial", "{6D5DC5A6-6F59-4CDF-A1D1-C8DBA7B788CA}"
EndProject
Project("{FAE04EC0-301F-11D3-BF4B-00C04F79EFBC}") = "P1676", "P1676\P1676.csproj", "{3EFAC7DC-C7EB-4D87-8C72-462DFEC307FA}"
EndProject
Project("{FAE04EC0-301F-11D3-BF4B-00C04F79EFBC}") = "P2004", "P2004\P2004.csproj", "{6D9B07E8-410C-4430-931D-56DBDCAFF5EC}"
EndProject
Project("{FAE04EC0-301F-11D3-BF4B-00C04F79EFBC}") = "P10872", "P10872\P10872.csproj", "{FA2C78BA-F6D8-458E-AC99-75812F12F231}"
EndProject
Project("{2150E333-8FDC-42A3-9474-1A3956D46DE8}") = "GCD_LCM", "GCD_LCM", "{1D6B7F57-926D-4907-84A7-D7A791FF1741}"
EndProject
Project("{FAE04EC0-301F-11D3-BF4B-00C04F79EFBC}") = "P1934", "P1934\P1934.csproj", "{46403782-0082-4C2C-B4BD-5CFF2D98EB82}"
EndProject
Project("{FAE04EC0-301F-11D3-BF4B-00C04F79EFBC}") = "P2609", "P2609\P2609.csproj", "{6D264ABB-2B2A-44E6-B5D6-E4496189852D}"
EndProject
Project("{FAE04EC0-301F-11D3-BF4B-00C04F79EFBC}") = "P9613", "P9613\P9613.csproj", "{47785C51-1F56-46CD-9DFF-27C84C1A7A7A}"
EndProject
Project("{FAE04EC0-301F-11D3-BF4B-00C04F79EFBC}") = "P17087", "P17087\P17087.csproj", "{181BFAED-EA76-40F3-A433-410120B74E2E}"
EndProject
Project("{2150E333-8FDC-42A3-9474-1A3956D46DE8}") = "prime", "prime", "{8B6C0BA3-176F-49FD-9929-A1F67D5F4A24}"
EndProject
Project("{FAE04EC0-301F-11D3-BF4B-00C04F79EFBC}") = "P1929", "P1929\P1929.csproj", "{40B63C6F-C372-428E-87CA-55212044FE33}"
EndProject
Project("{2150E333-8FDC-42A3-9474-1A3956D46DE8}") = "radix", "radix", "{98DDCF13-5959-4AB3-8530-554C4414ACD8}"
EndProject
Project("{FAE04EC0-301F-11D3-BF4B-00C04F79EFBC}") = "P1212", "P1212\P1212.csproj", "{39AEB862-C636-4702-87D3-A7292C230958}"
EndProject
Project("{FAE04EC0-301F-11D3-BF4B-00C04F79EFBC}") = "P1373", "P1373\P1373.csproj", "{330490B6-7884-4438-B26D-E72597CCBBE4}"
EndProject
Project("{FAE04EC0-301F-11D3-BF4B-00C04F79EFBC}") = "P2089", "P2089\P2089.csproj", "{67697154-45A0-4AE6-89D7-A8ACA294FAD1}"
EndProject
Project("{FAE04EC0-301F-11D3-BF4B-00C04F79EFBC}") = "P1978", "P1978\P1978.csproj", "{EF6BFB74-83E8-445A-B379-B783BC8FF801}"
EndProject
Project("{FAE04EC0-301F-11D3-BF4B-00C04F79EFBC}") = "P6588", "P6588\P6588.csproj", "{3F9112D7-65B2-40D9-A727-F84507D88FAE}"
EndProject
Project("{FAE04EC0-301F-11D3-BF4B-00C04F79EFBC}") = "P17103", "P17103\P17103.csproj", "{F951B0F0-852F-4ED6-9A32-612FD81940F8}"
EndProject
Project("{2150E333-8FDC-42A3-9474-1A3956D46DE8}") = "datastructure", "datastructure", "{B44305E6-23DF-4671-8BE8-C6E0596E9BD8}"
EndProject
Project("{2150E333-8FDC-42A3-9474-1A3956D46DE8}") = "stack", "stack", "{5C7C0C2B-3CB7-47E6-9A5A-271E1CD5616E}"
EndProject
Project("{FAE04EC0-301F-11D3-BF4B-00C04F79EFBC}") = "P1406", "P1406\P1406.csproj", "{E22CEAAF-2D0D-4DCC-A806-A5D396076E70}"
EndProject
Project("{FAE04EC0-301F-11D3-BF4B-00C04F79EFBC}") = "P1874", "P1874\P1874.csproj", "{35792D61-7F2C-497D-9B21-9A9B31AB15DA}"
EndProject
Project("{FAE04EC0-301F-11D3-BF4B-00C04F79EFBC}") = "P9012", "P9012\P9012.csproj", "{E1F993BC-62D8-4C71-AB4E-3E8DF51B998A}"
EndProject
Project("{FAE04EC0-301F-11D3-BF4B-00C04F79EFBC}") = "P9093", "P9093\P9093.csproj", "{561B0D19-F808-4920-A700-F0D6040296F8}"
EndProject
Project("{FAE04EC0-301F-11D3-BF4B-00C04F79EFBC}") = "P10799", "P10799\P10799.csproj", "{9E9900AB-466A-4C11-AECE-771D4DC0F07A}"
EndProject
Project("{FAE04EC0-301F-11D3-BF4B-00C04F79EFBC}") = "P10828", "P10828\P10828.csproj", "{FC21FDB2-883A-4300-AF10-41ABF5560DEC}"
EndProject
Project("{FAE04EC0-301F-11D3-BF4B-00C04F79EFBC}") = "P17298", "P17298\P17298.csproj", "{4FDC33E7-D2EA-468A-B4A1-0463C028E9BF}"
EndProject
Project("{FAE04EC0-301F-11D3-BF4B-00C04F79EFBC}") = "P17299", "P17299\P17299.csproj", "{61564EFB-AA32-447F-8C1E-6034C90D6D50}"
EndProject
Global
	GlobalSection(SolutionConfigurationPlatforms) = preSolution
		Debug|Any CPU = Debug|Any CPU
		Release|Any CPU = Release|Any CPU
	EndGlobalSection
	GlobalSection(NestedProjects) = preSolution
		{67AA5425-3AE6-4792-8718-EE2B656ADD34} = {AC7E8913-047A-4084-823D-9A64C7FE00DD}
		{1B0745F4-B705-4638-9407-5C9CD93919B1} = {67AA5425-3AE6-4792-8718-EE2B656ADD34}
		{2EBB4093-C5FB-4BC0-920E-BC5065C09817} = {1B0745F4-B705-4638-9407-5C9CD93919B1}
		{ED230A74-36E7-4775-AEA8-6A4EA81A7CE3} = {2EBB4093-C5FB-4BC0-920E-BC5065C09817}
		{0CF7D982-382E-48ED-854A-B8F93F5DCC2E} = {2EBB4093-C5FB-4BC0-920E-BC5065C09817}
		{8C5E2C86-DD4D-43B8-A22E-A4AB8098573A} = {2EBB4093-C5FB-4BC0-920E-BC5065C09817}
		{169945AA-E3A3-4C73-891F-944A4FC62321} = {2EBB4093-C5FB-4BC0-920E-BC5065C09817}
		{55C1E6DB-AD4F-4F0C-8582-A3D786369B5A} = {2EBB4093-C5FB-4BC0-920E-BC5065C09817}
		{58B2FED0-DDF2-4F8E-A877-E011FF8017A7} = {2EBB4093-C5FB-4BC0-920E-BC5065C09817}
		{9315248E-341C-488E-9759-56F0BDD9CAF1} = {2EBB4093-C5FB-4BC0-920E-BC5065C09817}
		{E82AA99B-35D2-476D-BA53-D4D708E4D619} = {2EBB4093-C5FB-4BC0-920E-BC5065C09817}
		{EC7C6DA4-24A8-4089-AEBC-583636310723} = {2EBB4093-C5FB-4BC0-920E-BC5065C09817}
		{48788002-091C-4162-A9B6-DAF630686DF6} = {1B0745F4-B705-4638-9407-5C9CD93919B1}
		{6D5DC5A6-6F59-4CDF-A1D1-C8DBA7B788CA} = {48788002-091C-4162-A9B6-DAF630686DF6}
		{3EFAC7DC-C7EB-4D87-8C72-462DFEC307FA} = {6D5DC5A6-6F59-4CDF-A1D1-C8DBA7B788CA}
		{6D9B07E8-410C-4430-931D-56DBDCAFF5EC} = {6D5DC5A6-6F59-4CDF-A1D1-C8DBA7B788CA}
		{FA2C78BA-F6D8-458E-AC99-75812F12F231} = {6D5DC5A6-6F59-4CDF-A1D1-C8DBA7B788CA}
		{1D6B7F57-926D-4907-84A7-D7A791FF1741} = {48788002-091C-4162-A9B6-DAF630686DF6}
		{46403782-0082-4C2C-B4BD-5CFF2D98EB82} = {1D6B7F57-926D-4907-84A7-D7A791FF1741}
		{6D264ABB-2B2A-44E6-B5D6-E4496189852D} = {1D6B7F57-926D-4907-84A7-D7A791FF1741}
		{47785C51-1F56-46CD-9DFF-27C84C1A7A7A} = {1D6B7F57-926D-4907-84A7-D7A791FF1741}
		{181BFAED-EA76-40F3-A433-410120B74E2E} = {1D6B7F57-926D-4907-84A7-D7A791FF1741}
		{8B6C0BA3-176F-49FD-9929-A1F67D5F4A24} = {48788002-091C-4162-A9B6-DAF630686DF6}
		{40B63C6F-C372-428E-87CA-55212044FE33} = {8B6C0BA3-176F-49FD-9929-A1F67D5F4A24}
		{98DDCF13-5959-4AB3-8530-554C4414ACD8} = {48788002-091C-4162-A9B6-DAF630686DF6}
		{39AEB862-C636-4702-87D3-A7292C230958} = {98DDCF13-5959-4AB3-8530-554C4414ACD8}
		{330490B6-7884-4438-B26D-E72597CCBBE4} = {98DDCF13-5959-4AB3-8530-554C4414ACD8}
		{67697154-45A0-4AE6-89D7-A8ACA294FAD1} = {98DDCF13-5959-4AB3-8530-554C4414ACD8}
		{EF6BFB74-83E8-445A-B379-B783BC8FF801} = {8B6C0BA3-176F-49FD-9929-A1F67D5F4A24}
		{3F9112D7-65B2-40D9-A727-F84507D88FAE} = {8B6C0BA3-176F-49FD-9929-A1F67D5F4A24}
		{F951B0F0-852F-4ED6-9A32-612FD81940F8} = {8B6C0BA3-176F-49FD-9929-A1F67D5F4A24}
		{B44305E6-23DF-4671-8BE8-C6E0596E9BD8} = {1B0745F4-B705-4638-9407-5C9CD93919B1}
		{5C7C0C2B-3CB7-47E6-9A5A-271E1CD5616E} = {B44305E6-23DF-4671-8BE8-C6E0596E9BD8}
		{E22CEAAF-2D0D-4DCC-A806-A5D396076E70} = {5C7C0C2B-3CB7-47E6-9A5A-271E1CD5616E}
		{35792D61-7F2C-497D-9B21-9A9B31AB15DA} = {5C7C0C2B-3CB7-47E6-9A5A-271E1CD5616E}
		{E1F993BC-62D8-4C71-AB4E-3E8DF51B998A} = {5C7C0C2B-3CB7-47E6-9A5A-271E1CD5616E}
		{561B0D19-F808-4920-A700-F0D6040296F8} = {5C7C0C2B-3CB7-47E6-9A5A-271E1CD5616E}
		{9E9900AB-466A-4C11-AECE-771D4DC0F07A} = {5C7C0C2B-3CB7-47E6-9A5A-271E1CD5616E}
		{FC21FDB2-883A-4300-AF10-41ABF5560DEC} = {5C7C0C2B-3CB7-47E6-9A5A-271E1CD5616E}
		{4FDC33E7-D2EA-468A-B4A1-0463C028E9BF} = {5C7C0C2B-3CB7-47E6-9A5A-271E1CD5616E}
		{61564EFB-AA32-447F-8C1E-6034C90D6D50} = {5C7C0C2B-3CB7-47E6-9A5A-271E1CD5616E}
	EndGlobalSection
	GlobalSection(ProjectConfigurationPlatforms) = postSolution
		{ED230A74-36E7-4775-AEA8-6A4EA81A7CE3}.Debug|Any CPU.ActiveCfg = Debug|Any CPU
		{ED230A74-36E7-4775-AEA8-6A4EA81A7CE3}.Debug|Any CPU.Build.0 = Debug|Any CPU
		{ED230A74-36E7-4775-AEA8-6A4EA81A7CE3}.Release|Any CPU.ActiveCfg = Release|Any CPU
		{ED230A74-36E7-4775-AEA8-6A4EA81A7CE3}.Release|Any CPU.Build.0 = Release|Any CPU
		{0CF7D982-382E-48ED-854A-B8F93F5DCC2E}.Debug|Any CPU.ActiveCfg = Debug|Any CPU
		{0CF7D982-382E-48ED-854A-B8F93F5DCC2E}.Debug|Any CPU.Build.0 = Debug|Any CPU
		{0CF7D982-382E-48ED-854A-B8F93F5DCC2E}.Release|Any CPU.ActiveCfg = Release|Any CPU
		{0CF7D982-382E-48ED-854A-B8F93F5DCC2E}.Release|Any CPU.Build.0 = Release|Any CPU
		{8C5E2C86-DD4D-43B8-A22E-A4AB8098573A}.Debug|Any CPU.ActiveCfg = Debug|Any CPU
		{8C5E2C86-DD4D-43B8-A22E-A4AB8098573A}.Debug|Any CPU.Build.0 = Debug|Any CPU
		{8C5E2C86-DD4D-43B8-A22E-A4AB8098573A}.Release|Any CPU.ActiveCfg = Release|Any CPU
		{8C5E2C86-DD4D-43B8-A22E-A4AB8098573A}.Release|Any CPU.Build.0 = Release|Any CPU
		{169945AA-E3A3-4C73-891F-944A4FC62321}.Debug|Any CPU.ActiveCfg = Debug|Any CPU
		{169945AA-E3A3-4C73-891F-944A4FC62321}.Debug|Any CPU.Build.0 = Debug|Any CPU
		{169945AA-E3A3-4C73-891F-944A4FC62321}.Release|Any CPU.ActiveCfg = Release|Any CPU
		{169945AA-E3A3-4C73-891F-944A4FC62321}.Release|Any CPU.Build.0 = Release|Any CPU
		{55C1E6DB-AD4F-4F0C-8582-A3D786369B5A}.Debug|Any CPU.ActiveCfg = Debug|Any CPU
		{55C1E6DB-AD4F-4F0C-8582-A3D786369B5A}.Debug|Any CPU.Build.0 = Debug|Any CPU
		{55C1E6DB-AD4F-4F0C-8582-A3D786369B5A}.Release|Any CPU.ActiveCfg = Release|Any CPU
		{55C1E6DB-AD4F-4F0C-8582-A3D786369B5A}.Release|Any CPU.Build.0 = Release|Any CPU
		{58B2FED0-DDF2-4F8E-A877-E011FF8017A7}.Debug|Any CPU.ActiveCfg = Debug|Any CPU
		{58B2FED0-DDF2-4F8E-A877-E011FF8017A7}.Debug|Any CPU.Build.0 = Debug|Any CPU
		{58B2FED0-DDF2-4F8E-A877-E011FF8017A7}.Release|Any CPU.ActiveCfg = Release|Any CPU
		{58B2FED0-DDF2-4F8E-A877-E011FF8017A7}.Release|Any CPU.Build.0 = Release|Any CPU
		{9315248E-341C-488E-9759-56F0BDD9CAF1}.Debug|Any CPU.ActiveCfg = Debug|Any CPU
		{9315248E-341C-488E-9759-56F0BDD9CAF1}.Debug|Any CPU.Build.0 = Debug|Any CPU
		{9315248E-341C-488E-9759-56F0BDD9CAF1}.Release|Any CPU.ActiveCfg = Release|Any CPU
		{9315248E-341C-488E-9759-56F0BDD9CAF1}.Release|Any CPU.Build.0 = Release|Any CPU
		{E82AA99B-35D2-476D-BA53-D4D708E4D619}.Debug|Any CPU.ActiveCfg = Debug|Any CPU
		{E82AA99B-35D2-476D-BA53-D4D708E4D619}.Debug|Any CPU.Build.0 = Debug|Any CPU
		{E82AA99B-35D2-476D-BA53-D4D708E4D619}.Release|Any CPU.ActiveCfg = Release|Any CPU
		{E82AA99B-35D2-476D-BA53-D4D708E4D619}.Release|Any CPU.Build.0 = Release|Any CPU
		{EC7C6DA4-24A8-4089-AEBC-583636310723}.Debug|Any CPU.ActiveCfg = Debug|Any CPU
		{EC7C6DA4-24A8-4089-AEBC-583636310723}.Debug|Any CPU.Build.0 = Debug|Any CPU
		{EC7C6DA4-24A8-4089-AEBC-583636310723}.Release|Any CPU.ActiveCfg = Release|Any CPU
		{EC7C6DA4-24A8-4089-AEBC-583636310723}.Release|Any CPU.Build.0 = Release|Any CPU
		{3EFAC7DC-C7EB-4D87-8C72-462DFEC307FA}.Debug|Any CPU.ActiveCfg = Debug|Any CPU
		{3EFAC7DC-C7EB-4D87-8C72-462DFEC307FA}.Debug|Any CPU.Build.0 = Debug|Any CPU
		{3EFAC7DC-C7EB-4D87-8C72-462DFEC307FA}.Release|Any CPU.ActiveCfg = Release|Any CPU
		{3EFAC7DC-C7EB-4D87-8C72-462DFEC307FA}.Release|Any CPU.Build.0 = Release|Any CPU
		{6D9B07E8-410C-4430-931D-56DBDCAFF5EC}.Debug|Any CPU.ActiveCfg = Debug|Any CPU
		{6D9B07E8-410C-4430-931D-56DBDCAFF5EC}.Debug|Any CPU.Build.0 = Debug|Any CPU
		{6D9B07E8-410C-4430-931D-56DBDCAFF5EC}.Release|Any CPU.ActiveCfg = Release|Any CPU
		{6D9B07E8-410C-4430-931D-56DBDCAFF5EC}.Release|Any CPU.Build.0 = Release|Any CPU
		{FA2C78BA-F6D8-458E-AC99-75812F12F231}.Debug|Any CPU.ActiveCfg = Debug|Any CPU
		{FA2C78BA-F6D8-458E-AC99-75812F12F231}.Debug|Any CPU.Build.0 = Debug|Any CPU
		{FA2C78BA-F6D8-458E-AC99-75812F12F231}.Release|Any CPU.ActiveCfg = Release|Any CPU
		{FA2C78BA-F6D8-458E-AC99-75812F12F231}.Release|Any CPU.Build.0 = Release|Any CPU
		{46403782-0082-4C2C-B4BD-5CFF2D98EB82}.Debug|Any CPU.ActiveCfg = Debug|Any CPU
		{46403782-0082-4C2C-B4BD-5CFF2D98EB82}.Debug|Any CPU.Build.0 = Debug|Any CPU
		{46403782-0082-4C2C-B4BD-5CFF2D98EB82}.Release|Any CPU.ActiveCfg = Release|Any CPU
		{46403782-0082-4C2C-B4BD-5CFF2D98EB82}.Release|Any CPU.Build.0 = Release|Any CPU
		{6D264ABB-2B2A-44E6-B5D6-E4496189852D}.Debug|Any CPU.ActiveCfg = Debug|Any CPU
		{6D264ABB-2B2A-44E6-B5D6-E4496189852D}.Debug|Any CPU.Build.0 = Debug|Any CPU
		{6D264ABB-2B2A-44E6-B5D6-E4496189852D}.Release|Any CPU.ActiveCfg = Release|Any CPU
		{6D264ABB-2B2A-44E6-B5D6-E4496189852D}.Release|Any CPU.Build.0 = Release|Any CPU
		{47785C51-1F56-46CD-9DFF-27C84C1A7A7A}.Debug|Any CPU.ActiveCfg = Debug|Any CPU
		{47785C51-1F56-46CD-9DFF-27C84C1A7A7A}.Debug|Any CPU.Build.0 = Debug|Any CPU
		{47785C51-1F56-46CD-9DFF-27C84C1A7A7A}.Release|Any CPU.ActiveCfg = Release|Any CPU
		{47785C51-1F56-46CD-9DFF-27C84C1A7A7A}.Release|Any CPU.Build.0 = Release|Any CPU
		{181BFAED-EA76-40F3-A433-410120B74E2E}.Debug|Any CPU.ActiveCfg = Debug|Any CPU
		{181BFAED-EA76-40F3-A433-410120B74E2E}.Debug|Any CPU.Build.0 = Debug|Any CPU
		{181BFAED-EA76-40F3-A433-410120B74E2E}.Release|Any CPU.ActiveCfg = Release|Any CPU
		{181BFAED-EA76-40F3-A433-410120B74E2E}.Release|Any CPU.Build.0 = Release|Any CPU
		{40B63C6F-C372-428E-87CA-55212044FE33}.Debug|Any CPU.ActiveCfg = Debug|Any CPU
		{40B63C6F-C372-428E-87CA-55212044FE33}.Debug|Any CPU.Build.0 = Debug|Any CPU
		{40B63C6F-C372-428E-87CA-55212044FE33}.Release|Any CPU.ActiveCfg = Release|Any CPU
		{40B63C6F-C372-428E-87CA-55212044FE33}.Release|Any CPU.Build.0 = Release|Any CPU
		{39AEB862-C636-4702-87D3-A7292C230958}.Debug|Any CPU.ActiveCfg = Debug|Any CPU
		{39AEB862-C636-4702-87D3-A7292C230958}.Debug|Any CPU.Build.0 = Debug|Any CPU
		{39AEB862-C636-4702-87D3-A7292C230958}.Release|Any CPU.ActiveCfg = Release|Any CPU
		{39AEB862-C636-4702-87D3-A7292C230958}.Release|Any CPU.Build.0 = Release|Any CPU
		{330490B6-7884-4438-B26D-E72597CCBBE4}.Debug|Any CPU.ActiveCfg = Debug|Any CPU
		{330490B6-7884-4438-B26D-E72597CCBBE4}.Debug|Any CPU.Build.0 = Debug|Any CPU
		{330490B6-7884-4438-B26D-E72597CCBBE4}.Release|Any CPU.ActiveCfg = Release|Any CPU
		{330490B6-7884-4438-B26D-E72597CCBBE4}.Release|Any CPU.Build.0 = Release|Any CPU
		{67697154-45A0-4AE6-89D7-A8ACA294FAD1}.Debug|Any CPU.ActiveCfg = Debug|Any CPU
		{67697154-45A0-4AE6-89D7-A8ACA294FAD1}.Debug|Any CPU.Build.0 = Debug|Any CPU
		{67697154-45A0-4AE6-89D7-A8ACA294FAD1}.Release|Any CPU.ActiveCfg = Release|Any CPU
		{67697154-45A0-4AE6-89D7-A8ACA294FAD1}.Release|Any CPU.Build.0 = Release|Any CPU
		{EF6BFB74-83E8-445A-B379-B783BC8FF801}.Debug|Any CPU.ActiveCfg = Debug|Any CPU
		{EF6BFB74-83E8-445A-B379-B783BC8FF801}.Debug|Any CPU.Build.0 = Debug|Any CPU
		{EF6BFB74-83E8-445A-B379-B783BC8FF801}.Release|Any CPU.ActiveCfg = Release|Any CPU
		{EF6BFB74-83E8-445A-B379-B783BC8FF801}.Release|Any CPU.Build.0 = Release|Any CPU
		{3F9112D7-65B2-40D9-A727-F84507D88FAE}.Debug|Any CPU.ActiveCfg = Debug|Any CPU
		{3F9112D7-65B2-40D9-A727-F84507D88FAE}.Debug|Any CPU.Build.0 = Debug|Any CPU
		{3F9112D7-65B2-40D9-A727-F84507D88FAE}.Release|Any CPU.ActiveCfg = Release|Any CPU
		{3F9112D7-65B2-40D9-A727-F84507D88FAE}.Release|Any CPU.Build.0 = Release|Any CPU
		{F951B0F0-852F-4ED6-9A32-612FD81940F8}.Debug|Any CPU.ActiveCfg = Debug|Any CPU
		{F951B0F0-852F-4ED6-9A32-612FD81940F8}.Debug|Any CPU.Build.0 = Debug|Any CPU
		{F951B0F0-852F-4ED6-9A32-612FD81940F8}.Release|Any CPU.ActiveCfg = Release|Any CPU
		{F951B0F0-852F-4ED6-9A32-612FD81940F8}.Release|Any CPU.Build.0 = Release|Any CPU
		{E22CEAAF-2D0D-4DCC-A806-A5D396076E70}.Debug|Any CPU.ActiveCfg = Debug|Any CPU
		{E22CEAAF-2D0D-4DCC-A806-A5D396076E70}.Debug|Any CPU.Build.0 = Debug|Any CPU
		{E22CEAAF-2D0D-4DCC-A806-A5D396076E70}.Release|Any CPU.ActiveCfg = Release|Any CPU
		{E22CEAAF-2D0D-4DCC-A806-A5D396076E70}.Release|Any CPU.Build.0 = Release|Any CPU
		{35792D61-7F2C-497D-9B21-9A9B31AB15DA}.Debug|Any CPU.ActiveCfg = Debug|Any CPU
		{35792D61-7F2C-497D-9B21-9A9B31AB15DA}.Debug|Any CPU.Build.0 = Debug|Any CPU
		{35792D61-7F2C-497D-9B21-9A9B31AB15DA}.Release|Any CPU.ActiveCfg = Release|Any CPU
		{35792D61-7F2C-497D-9B21-9A9B31AB15DA}.Release|Any CPU.Build.0 = Release|Any CPU
		{E1F993BC-62D8-4C71-AB4E-3E8DF51B998A}.Debug|Any CPU.ActiveCfg = Debug|Any CPU
		{E1F993BC-62D8-4C71-AB4E-3E8DF51B998A}.Debug|Any CPU.Build.0 = Debug|Any CPU
		{E1F993BC-62D8-4C71-AB4E-3E8DF51B998A}.Release|Any CPU.ActiveCfg = Release|Any CPU
		{E1F993BC-62D8-4C71-AB4E-3E8DF51B998A}.Release|Any CPU.Build.0 = Release|Any CPU
		{561B0D19-F808-4920-A700-F0D6040296F8}.Debug|Any CPU.ActiveCfg = Debug|Any CPU
		{561B0D19-F808-4920-A700-F0D6040296F8}.Debug|Any CPU.Build.0 = Debug|Any CPU
		{561B0D19-F808-4920-A700-F0D6040296F8}.Release|Any CPU.ActiveCfg = Release|Any CPU
		{561B0D19-F808-4920-A700-F0D6040296F8}.Release|Any CPU.Build.0 = Release|Any CPU
		{9E9900AB-466A-4C11-AECE-771D4DC0F07A}.Debug|Any CPU.ActiveCfg = Debug|Any CPU
		{9E9900AB-466A-4C11-AECE-771D4DC0F07A}.Debug|Any CPU.Build.0 = Debug|Any CPU
		{9E9900AB-466A-4C11-AECE-771D4DC0F07A}.Release|Any CPU.ActiveCfg = Release|Any CPU
		{9E9900AB-466A-4C11-AECE-771D4DC0F07A}.Release|Any CPU.Build.0 = Release|Any CPU
		{FC21FDB2-883A-4300-AF10-41ABF5560DEC}.Debug|Any CPU.ActiveCfg = Debug|Any CPU
		{FC21FDB2-883A-4300-AF10-41ABF5560DEC}.Debug|Any CPU.Build.0 = Debug|Any CPU
		{FC21FDB2-883A-4300-AF10-41ABF5560DEC}.Release|Any CPU.ActiveCfg = Release|Any CPU
		{FC21FDB2-883A-4300-AF10-41ABF5560DEC}.Release|Any CPU.Build.0 = Release|Any CPU
		{4FDC33E7-D2EA-468A-B4A1-0463C028E9BF}.Debug|Any CPU.ActiveCfg = Debug|Any CPU
		{4FDC33E7-D2EA-468A-B4A1-0463C028E9BF}.Debug|Any CPU.Build.0 = Debug|Any CPU
		{4FDC33E7-D2EA-468A-B4A1-0463C028E9BF}.Release|Any CPU.ActiveCfg = Release|Any CPU
		{4FDC33E7-D2EA-468A-B4A1-0463C028E9BF}.Release|Any CPU.Build.0 = Release|Any CPU
		{61564EFB-AA32-447F-8C1E-6034C90D6D50}.Debug|Any CPU.ActiveCfg = Debug|Any CPU
		{61564EFB-AA32-447F-8C1E-6034C90D6D50}.Debug|Any CPU.Build.0 = Debug|Any CPU
		{61564EFB-AA32-447F-8C1E-6034C90D6D50}.Release|Any CPU.ActiveCfg = Release|Any CPU
		{61564EFB-AA32-447F-8C1E-6034C90D6D50}.Release|Any CPU.Build.0 = Release|Any CPU
	EndGlobalSection
EndGlobal
